// !$*UTF8*$!
{
	archiveVersion = 1;
	classes = {
	};
	objectVersion = 51;
	objects = {

/* Begin PBXBuildFile section */
		60EEC9FAEC353F991FEDC18B /* Pods_Parsley.framework in Frameworks */ = {isa = PBXBuildFile; fileRef = DA3370A23722556000B2B919 /* Pods_Parsley.framework */; };
		9644840D9A73169C7678CA37 /* Pods_ParsleyTests.framework in Frameworks */ = {isa = PBXBuildFile; fileRef = 2BE9AB2FD155C7E4D1588DA4 /* Pods_ParsleyTests.framework */; };
		AC28E6EF9BD38DAE001AEC57 /* Pods_Parsley_ParsleyUITests.framework in Frameworks */ = {isa = PBXBuildFile; fileRef = 35D7DA724E24F4D4877CE9D3 /* Pods_Parsley_ParsleyUITests.framework */; };
		E8238F002735698800E062B2 /* LaunchScreenViewController.swift in Sources */ = {isa = PBXBuildFile; fileRef = E8238EFF2735698800E062B2 /* LaunchScreenViewController.swift */; };
		E84A0D4E26EA307300425D3D /* Item.swift in Sources */ = {isa = PBXBuildFile; fileRef = E84A0D4D26EA307300425D3D /* Item.swift */; };
		E84A0D4F26EA307300425D3D /* Item.swift in Sources */ = {isa = PBXBuildFile; fileRef = E84A0D4D26EA307300425D3D /* Item.swift */; };
		E84A0D5026EA307300425D3D /* Item.swift in Sources */ = {isa = PBXBuildFile; fileRef = E84A0D4D26EA307300425D3D /* Item.swift */; };
		E84A0D5226EA307D00425D3D /* Category.swift in Sources */ = {isa = PBXBuildFile; fileRef = E84A0D5126EA307D00425D3D /* Category.swift */; };
		E84A0D5326EA307D00425D3D /* Category.swift in Sources */ = {isa = PBXBuildFile; fileRef = E84A0D5126EA307D00425D3D /* Category.swift */; };
		E84A0D5426EA307D00425D3D /* Category.swift in Sources */ = {isa = PBXBuildFile; fileRef = E84A0D5126EA307D00425D3D /* Category.swift */; };
		E84A0D5626EA408F00425D3D /* CategoryViewController.swift in Sources */ = {isa = PBXBuildFile; fileRef = E84A0D5526EA408F00425D3D /* CategoryViewController.swift */; };
		E84A0D5726EA408F00425D3D /* CategoryViewController.swift in Sources */ = {isa = PBXBuildFile; fileRef = E84A0D5526EA408F00425D3D /* CategoryViewController.swift */; };
		E84A0D5826EA408F00425D3D /* CategoryViewController.swift in Sources */ = {isa = PBXBuildFile; fileRef = E84A0D5526EA408F00425D3D /* CategoryViewController.swift */; };
		E84A0D5C26EA446C00425D3D /* ItemViewController.swift in Sources */ = {isa = PBXBuildFile; fileRef = E84A0D5B26EA446C00425D3D /* ItemViewController.swift */; };
		E84A0D5D26EA446C00425D3D /* ItemViewController.swift in Sources */ = {isa = PBXBuildFile; fileRef = E84A0D5B26EA446C00425D3D /* ItemViewController.swift */; };
		E84A0D5E26EA446C00425D3D /* ItemViewController.swift in Sources */ = {isa = PBXBuildFile; fileRef = E84A0D5B26EA446C00425D3D /* ItemViewController.swift */; };
		E873F84626DF9E4800700F3F /* AppDelegate.swift in Sources */ = {isa = PBXBuildFile; fileRef = E873F84526DF9E4800700F3F /* AppDelegate.swift */; };
		E873F84826DF9E4800700F3F /* SceneDelegate.swift in Sources */ = {isa = PBXBuildFile; fileRef = E873F84726DF9E4800700F3F /* SceneDelegate.swift */; };
		E873F84A26DF9E4800700F3F /* TodoViewController.swift in Sources */ = {isa = PBXBuildFile; fileRef = E873F84926DF9E4800700F3F /* TodoViewController.swift */; };
		E873F84D26DF9E4800700F3F /* Main.storyboard in Resources */ = {isa = PBXBuildFile; fileRef = E873F84B26DF9E4800700F3F /* Main.storyboard */; };
		E873F85026DF9E4800700F3F /* Parsley.xcdatamodeld in Sources */ = {isa = PBXBuildFile; fileRef = E873F84E26DF9E4800700F3F /* Parsley.xcdatamodeld */; };
		E873F85226DF9E4900700F3F /* Assets.xcassets in Resources */ = {isa = PBXBuildFile; fileRef = E873F85126DF9E4900700F3F /* Assets.xcassets */; };
		E873F85526DF9E4900700F3F /* LaunchScreen.storyboard in Resources */ = {isa = PBXBuildFile; fileRef = E873F85326DF9E4900700F3F /* LaunchScreen.storyboard */; };
		E873F86026DF9E4A00700F3F /* ParsleyTests.swift in Sources */ = {isa = PBXBuildFile; fileRef = E873F85F26DF9E4A00700F3F /* ParsleyTests.swift */; };
		E873F86B26DF9E4A00700F3F /* ParsleyUITests.swift in Sources */ = {isa = PBXBuildFile; fileRef = E873F86A26DF9E4A00700F3F /* ParsleyUITests.swift */; };
		E87B8F8B26E110D3008B185B /* README.md in Resources */ = {isa = PBXBuildFile; fileRef = E87B8F8A26E110D3008B185B /* README.md */; };
		E87B8F8C26E110D3008B185B /* README.md in Resources */ = {isa = PBXBuildFile; fileRef = E87B8F8A26E110D3008B185B /* README.md */; };
		E87B8F8D26E110D3008B185B /* README.md in Resources */ = {isa = PBXBuildFile; fileRef = E87B8F8A26E110D3008B185B /* README.md */; };
		E890634126E262B2000F311F /* Constants.swift in Sources */ = {isa = PBXBuildFile; fileRef = E890634026E262B2000F311F /* Constants.swift */; };
		E890634326E2630C000F311F /* ListViewController.swift in Sources */ = {isa = PBXBuildFile; fileRef = E890634226E2630C000F311F /* ListViewController.swift */; };
		E8F6685F2744363900B0FC0A /* Extensions.swift in Sources */ = {isa = PBXBuildFile; fileRef = E8F6685E2744363900B0FC0A /* Extensions.swift */; };
/* End PBXBuildFile section */

/* Begin PBXContainerItemProxy section */
		E873F85C26DF9E4A00700F3F /* PBXContainerItemProxy */ = {
			isa = PBXContainerItemProxy;
			containerPortal = E873F83A26DF9E4800700F3F /* Project object */;
			proxyType = 1;
			remoteGlobalIDString = E873F84126DF9E4800700F3F;
			remoteInfo = Parsley;
		};
		E873F86726DF9E4A00700F3F /* PBXContainerItemProxy */ = {
			isa = PBXContainerItemProxy;
			containerPortal = E873F83A26DF9E4800700F3F /* Project object */;
			proxyType = 1;
			remoteGlobalIDString = E873F84126DF9E4800700F3F;
			remoteInfo = Parsley;
		};
/* End PBXContainerItemProxy section */

/* Begin PBXFileReference section */
		074C4A1B03C863400775607C /* Pods-ParsleyTests.release.xcconfig */ = {isa = PBXFileReference; includeInIndex = 1; lastKnownFileType = text.xcconfig; name = "Pods-ParsleyTests.release.xcconfig"; path = "Target Support Files/Pods-ParsleyTests/Pods-ParsleyTests.release.xcconfig"; sourceTree = "<group>"; };
		2BE9AB2FD155C7E4D1588DA4 /* Pods_ParsleyTests.framework */ = {isa = PBXFileReference; explicitFileType = wrapper.framework; includeInIndex = 0; path = Pods_ParsleyTests.framework; sourceTree = BUILT_PRODUCTS_DIR; };
		35D7DA724E24F4D4877CE9D3 /* Pods_Parsley_ParsleyUITests.framework */ = {isa = PBXFileReference; explicitFileType = wrapper.framework; includeInIndex = 0; path = Pods_Parsley_ParsleyUITests.framework; sourceTree = BUILT_PRODUCTS_DIR; };
		449E3A58CE2C0BFDE951D5D2 /* Pods-Parsley-ParsleyUITests.release.xcconfig */ = {isa = PBXFileReference; includeInIndex = 1; lastKnownFileType = text.xcconfig; name = "Pods-Parsley-ParsleyUITests.release.xcconfig"; path = "Target Support Files/Pods-Parsley-ParsleyUITests/Pods-Parsley-ParsleyUITests.release.xcconfig"; sourceTree = "<group>"; };
		5338CA7140B7F78DA6506DF6 /* Pods-Parsley.debug.xcconfig */ = {isa = PBXFileReference; includeInIndex = 1; lastKnownFileType = text.xcconfig; name = "Pods-Parsley.debug.xcconfig"; path = "Target Support Files/Pods-Parsley/Pods-Parsley.debug.xcconfig"; sourceTree = "<group>"; };
		C50A9799324DB77D1530F4E9 /* Pods-Parsley.release.xcconfig */ = {isa = PBXFileReference; includeInIndex = 1; lastKnownFileType = text.xcconfig; name = "Pods-Parsley.release.xcconfig"; path = "Target Support Files/Pods-Parsley/Pods-Parsley.release.xcconfig"; sourceTree = "<group>"; };
		CE6F09884EA8544ED7AC15AA /* Pods-Parsley-ParsleyUITests.debug.xcconfig */ = {isa = PBXFileReference; includeInIndex = 1; lastKnownFileType = text.xcconfig; name = "Pods-Parsley-ParsleyUITests.debug.xcconfig"; path = "Target Support Files/Pods-Parsley-ParsleyUITests/Pods-Parsley-ParsleyUITests.debug.xcconfig"; sourceTree = "<group>"; };
		DA3370A23722556000B2B919 /* Pods_Parsley.framework */ = {isa = PBXFileReference; explicitFileType = wrapper.framework; includeInIndex = 0; path = Pods_Parsley.framework; sourceTree = BUILT_PRODUCTS_DIR; };
		E8238EFF2735698800E062B2 /* LaunchScreenViewController.swift */ = {isa = PBXFileReference; lastKnownFileType = sourcecode.swift; path = LaunchScreenViewController.swift; sourceTree = "<group>"; };
		E84A0D4D26EA307300425D3D /* Item.swift */ = {isa = PBXFileReference; lastKnownFileType = sourcecode.swift; path = Item.swift; sourceTree = "<group>"; };
		E84A0D5126EA307D00425D3D /* Category.swift */ = {isa = PBXFileReference; lastKnownFileType = sourcecode.swift; path = Category.swift; sourceTree = "<group>"; };
		E84A0D5526EA408F00425D3D /* CategoryViewController.swift */ = {isa = PBXFileReference; lastKnownFileType = sourcecode.swift; path = CategoryViewController.swift; sourceTree = "<group>"; };
		E84A0D5B26EA446C00425D3D /* ItemViewController.swift */ = {isa = PBXFileReference; lastKnownFileType = sourcecode.swift; path = ItemViewController.swift; sourceTree = "<group>"; };
		E873F84226DF9E4800700F3F /* Parsley.app */ = {isa = PBXFileReference; explicitFileType = wrapper.application; includeInIndex = 0; path = Parsley.app; sourceTree = BUILT_PRODUCTS_DIR; };
		E873F84526DF9E4800700F3F /* AppDelegate.swift */ = {isa = PBXFileReference; lastKnownFileType = sourcecode.swift; path = AppDelegate.swift; sourceTree = "<group>"; };
		E873F84726DF9E4800700F3F /* SceneDelegate.swift */ = {isa = PBXFileReference; lastKnownFileType = sourcecode.swift; path = SceneDelegate.swift; sourceTree = "<group>"; };
		E873F84926DF9E4800700F3F /* TodoViewController.swift */ = {isa = PBXFileReference; lastKnownFileType = sourcecode.swift; path = TodoViewController.swift; sourceTree = "<group>"; };
		E873F84C26DF9E4800700F3F /* Base */ = {isa = PBXFileReference; lastKnownFileType = file.storyboard; name = Base; path = Base.lproj/Main.storyboard; sourceTree = "<group>"; };
		E873F84F26DF9E4800700F3F /* Parsley.xcdatamodel */ = {isa = PBXFileReference; lastKnownFileType = wrapper.xcdatamodel; path = Parsley.xcdatamodel; sourceTree = "<group>"; };
		E873F85126DF9E4900700F3F /* Assets.xcassets */ = {isa = PBXFileReference; lastKnownFileType = folder.assetcatalog; path = Assets.xcassets; sourceTree = "<group>"; };
		E873F85426DF9E4900700F3F /* Base */ = {isa = PBXFileReference; lastKnownFileType = file.storyboard; name = Base; path = Base.lproj/LaunchScreen.storyboard; sourceTree = "<group>"; };
		E873F85626DF9E4900700F3F /* Info.plist */ = {isa = PBXFileReference; lastKnownFileType = text.plist.xml; path = Info.plist; sourceTree = "<group>"; };
		E873F85B26DF9E4A00700F3F /* ParsleyTests.xctest */ = {isa = PBXFileReference; explicitFileType = wrapper.cfbundle; includeInIndex = 0; path = ParsleyTests.xctest; sourceTree = BUILT_PRODUCTS_DIR; };
		E873F85F26DF9E4A00700F3F /* ParsleyTests.swift */ = {isa = PBXFileReference; lastKnownFileType = sourcecode.swift; path = ParsleyTests.swift; sourceTree = "<group>"; };
		E873F86126DF9E4A00700F3F /* Info.plist */ = {isa = PBXFileReference; lastKnownFileType = text.plist.xml; path = Info.plist; sourceTree = "<group>"; };
		E873F86626DF9E4A00700F3F /* ParsleyUITests.xctest */ = {isa = PBXFileReference; explicitFileType = wrapper.cfbundle; includeInIndex = 0; path = ParsleyUITests.xctest; sourceTree = BUILT_PRODUCTS_DIR; };
		E873F86A26DF9E4A00700F3F /* ParsleyUITests.swift */ = {isa = PBXFileReference; lastKnownFileType = sourcecode.swift; path = ParsleyUITests.swift; sourceTree = "<group>"; };
		E873F86C26DF9E4A00700F3F /* Info.plist */ = {isa = PBXFileReference; lastKnownFileType = text.plist.xml; path = Info.plist; sourceTree = "<group>"; };
		E87B8F8A26E110D3008B185B /* README.md */ = {isa = PBXFileReference; lastKnownFileType = net.daringfireball.markdown; path = README.md; sourceTree = "<group>"; };
		E890634026E262B2000F311F /* Constants.swift */ = {isa = PBXFileReference; lastKnownFileType = sourcecode.swift; path = Constants.swift; sourceTree = "<group>"; };
		E890634226E2630C000F311F /* ListViewController.swift */ = {isa = PBXFileReference; lastKnownFileType = sourcecode.swift; path = ListViewController.swift; sourceTree = "<group>"; };
		E8F6685E2744363900B0FC0A /* Extensions.swift */ = {isa = PBXFileReference; lastKnownFileType = sourcecode.swift; path = Extensions.swift; sourceTree = "<group>"; };
		EDE48F081C3DEFC96C62E9CB /* Pods-ParsleyTests.debug.xcconfig */ = {isa = PBXFileReference; includeInIndex = 1; lastKnownFileType = text.xcconfig; name = "Pods-ParsleyTests.debug.xcconfig"; path = "Target Support Files/Pods-ParsleyTests/Pods-ParsleyTests.debug.xcconfig"; sourceTree = "<group>"; };
/* End PBXFileReference section */

/* Begin PBXFrameworksBuildPhase section */
		E873F83F26DF9E4800700F3F /* Frameworks */ = {
			isa = PBXFrameworksBuildPhase;
			buildActionMask = 2147483647;
			files = (
				60EEC9FAEC353F991FEDC18B /* Pods_Parsley.framework in Frameworks */,
			);
			runOnlyForDeploymentPostprocessing = 0;
		};
		E873F85826DF9E4A00700F3F /* Frameworks */ = {
			isa = PBXFrameworksBuildPhase;
			buildActionMask = 2147483647;
			files = (
				9644840D9A73169C7678CA37 /* Pods_ParsleyTests.framework in Frameworks */,
			);
			runOnlyForDeploymentPostprocessing = 0;
		};
		E873F86326DF9E4A00700F3F /* Frameworks */ = {
			isa = PBXFrameworksBuildPhase;
			buildActionMask = 2147483647;
			files = (
				AC28E6EF9BD38DAE001AEC57 /* Pods_Parsley_ParsleyUITests.framework in Frameworks */,
			);
			runOnlyForDeploymentPostprocessing = 0;
		};
/* End PBXFrameworksBuildPhase section */

/* Begin PBXGroup section */
		205F3A09F2EF84C9E3176599 /* Pods */ = {
			isa = PBXGroup;
			children = (
				5338CA7140B7F78DA6506DF6 /* Pods-Parsley.debug.xcconfig */,
				C50A9799324DB77D1530F4E9 /* Pods-Parsley.release.xcconfig */,
				CE6F09884EA8544ED7AC15AA /* Pods-Parsley-ParsleyUITests.debug.xcconfig */,
				449E3A58CE2C0BFDE951D5D2 /* Pods-Parsley-ParsleyUITests.release.xcconfig */,
				EDE48F081C3DEFC96C62E9CB /* Pods-ParsleyTests.debug.xcconfig */,
				074C4A1B03C863400775607C /* Pods-ParsleyTests.release.xcconfig */,
			);
			path = Pods;
			sourceTree = "<group>";
		};
		98908D72CFABB62F4883F485 /* Frameworks */ = {
			isa = PBXGroup;
			children = (
				DA3370A23722556000B2B919 /* Pods_Parsley.framework */,
				35D7DA724E24F4D4877CE9D3 /* Pods_Parsley_ParsleyUITests.framework */,
				2BE9AB2FD155C7E4D1588DA4 /* Pods_ParsleyTests.framework */,
			);
			name = Frameworks;
			sourceTree = "<group>";
		};
		E84A0D5926EA443700425D3D /* Core Data */ = {
			isa = PBXGroup;
			children = (
				E890634226E2630C000F311F /* ListViewController.swift */,
				E873F84926DF9E4800700F3F /* TodoViewController.swift */,
			);
			path = "Core Data";
			sourceTree = "<group>";
		};
		E84A0D5A26EA443D00425D3D /* Realm */ = {
			isa = PBXGroup;
			children = (
				E84A0D5526EA408F00425D3D /* CategoryViewController.swift */,
				E84A0D5B26EA446C00425D3D /* ItemViewController.swift */,
			);
			path = Realm;
			sourceTree = "<group>";
		};
		E84A0D5F26EA761400425D3D /* Realm */ = {
			isa = PBXGroup;
			children = (
				E84A0D5126EA307D00425D3D /* Category.swift */,
				E84A0D4D26EA307300425D3D /* Item.swift */,
			);
			path = Realm;
			sourceTree = "<group>";
		};
		E84A0D6026EA762300425D3D /* Core Data */ = {
			isa = PBXGroup;
			children = (
				E873F84E26DF9E4800700F3F /* Parsley.xcdatamodeld */,
			);
			path = "Core Data";
			sourceTree = "<group>";
		};
		E873F83926DF9E4800700F3F = {
			isa = PBXGroup;
			children = (
				E87B8F8A26E110D3008B185B /* README.md */,
				E873F84426DF9E4800700F3F /* Parsley */,
				E873F85E26DF9E4A00700F3F /* ParsleyTests */,
				E873F86926DF9E4A00700F3F /* ParsleyUITests */,
				E873F84326DF9E4800700F3F /* Products */,
				205F3A09F2EF84C9E3176599 /* Pods */,
				98908D72CFABB62F4883F485 /* Frameworks */,
			);
			sourceTree = "<group>";
		};
		E873F84326DF9E4800700F3F /* Products */ = {
			isa = PBXGroup;
			children = (
				E873F84226DF9E4800700F3F /* Parsley.app */,
				E873F85B26DF9E4A00700F3F /* ParsleyTests.xctest */,
				E873F86626DF9E4A00700F3F /* ParsleyUITests.xctest */,
			);
			name = Products;
			sourceTree = "<group>";
		};
		E873F84426DF9E4800700F3F /* Parsley */ = {
			isa = PBXGroup;
			children = (
				E8F6685D2744361800B0FC0A /* App Support */,
				E87B8F8E26E11114008B185B /* Models */,
				E87B8F8F26E1111B008B185B /* Views */,
				E87B8F9026E11126008B185B /* Controllers */,
				E873F85126DF9E4900700F3F /* Assets.xcassets */,
				E873F85626DF9E4900700F3F /* Info.plist */,
			);
			path = Parsley;
			sourceTree = "<group>";
		};
		E873F85E26DF9E4A00700F3F /* ParsleyTests */ = {
			isa = PBXGroup;
			children = (
				E873F85F26DF9E4A00700F3F /* ParsleyTests.swift */,
				E873F86126DF9E4A00700F3F /* Info.plist */,
			);
			path = ParsleyTests;
			sourceTree = "<group>";
		};
		E873F86926DF9E4A00700F3F /* ParsleyUITests */ = {
			isa = PBXGroup;
			children = (
				E873F86A26DF9E4A00700F3F /* ParsleyUITests.swift */,
				E873F86C26DF9E4A00700F3F /* Info.plist */,
			);
			path = ParsleyUITests;
			sourceTree = "<group>";
		};
		E87B8F8E26E11114008B185B /* Models */ = {
			isa = PBXGroup;
			children = (
				E84A0D5F26EA761400425D3D /* Realm */,
				E84A0D6026EA762300425D3D /* Core Data */,
			);
			path = Models;
			sourceTree = "<group>";
		};
		E87B8F8F26E1111B008B185B /* Views */ = {
			isa = PBXGroup;
			children = (
				E873F85326DF9E4900700F3F /* LaunchScreen.storyboard */,
				E873F84B26DF9E4800700F3F /* Main.storyboard */,
			);
			path = Views;
			sourceTree = "<group>";
		};
		E87B8F9026E11126008B185B /* Controllers */ = {
			isa = PBXGroup;
			children = (
				E8238EFF2735698800E062B2 /* LaunchScreenViewController.swift */,
				E84A0D5A26EA443D00425D3D /* Realm */,
				E84A0D5926EA443700425D3D /* Core Data */,
			);
			path = Controllers;
			sourceTree = "<group>";
		};
		E8F6685D2744361800B0FC0A /* App Support */ = {
			isa = PBXGroup;
			children = (
				E873F84726DF9E4800700F3F /* SceneDelegate.swift */,
				E873F84526DF9E4800700F3F /* AppDelegate.swift */,
				E890634026E262B2000F311F /* Constants.swift */,
				E8F6685E2744363900B0FC0A /* Extensions.swift */,
			);
			path = "App Support";
			sourceTree = "<group>";
		};
/* End PBXGroup section */

/* Begin PBXNativeTarget section */
		E873F84126DF9E4800700F3F /* Parsley */ = {
			isa = PBXNativeTarget;
			buildConfigurationList = E873F86F26DF9E4A00700F3F /* Build configuration list for PBXNativeTarget "Parsley" */;
			buildPhases = (
				6922EDBCB7EE380D1BBD1D1F /* [CP] Check Pods Manifest.lock */,
				E873F83E26DF9E4800700F3F /* Sources */,
				E873F83F26DF9E4800700F3F /* Frameworks */,
				E873F84026DF9E4800700F3F /* Resources */,
				DB5292B5E922524CC6853D3D /* [CP] Embed Pods Frameworks */,
			);
			buildRules = (
			);
			dependencies = (
			);
			name = Parsley;
			productName = Parsley;
			productReference = E873F84226DF9E4800700F3F /* Parsley.app */;
			productType = "com.apple.product-type.application";
		};
		E873F85A26DF9E4A00700F3F /* ParsleyTests */ = {
			isa = PBXNativeTarget;
			buildConfigurationList = E873F87226DF9E4A00700F3F /* Build configuration list for PBXNativeTarget "ParsleyTests" */;
			buildPhases = (
				BEABAF744CEEAB4F80136CA0 /* [CP] Check Pods Manifest.lock */,
				E873F85726DF9E4A00700F3F /* Sources */,
				E873F85826DF9E4A00700F3F /* Frameworks */,
				E873F85926DF9E4A00700F3F /* Resources */,
				3C52EBDC1BF44E1ACD85F128 /* [CP] Embed Pods Frameworks */,
			);
			buildRules = (
			);
			dependencies = (
				E873F85D26DF9E4A00700F3F /* PBXTargetDependency */,
			);
			name = ParsleyTests;
			productName = ParsleyTests;
			productReference = E873F85B26DF9E4A00700F3F /* ParsleyTests.xctest */;
			productType = "com.apple.product-type.bundle.unit-test";
		};
		E873F86526DF9E4A00700F3F /* ParsleyUITests */ = {
			isa = PBXNativeTarget;
			buildConfigurationList = E873F87526DF9E4A00700F3F /* Build configuration list for PBXNativeTarget "ParsleyUITests" */;
			buildPhases = (
				D80BD4D6A3C00A5ACC551810 /* [CP] Check Pods Manifest.lock */,
				E873F86226DF9E4A00700F3F /* Sources */,
				E873F86326DF9E4A00700F3F /* Frameworks */,
				E873F86426DF9E4A00700F3F /* Resources */,
				BD26A1AF05B6529C59123E34 /* [CP] Embed Pods Frameworks */,
			);
			buildRules = (
			);
			dependencies = (
				E873F86826DF9E4A00700F3F /* PBXTargetDependency */,
			);
			name = ParsleyUITests;
			productName = ParsleyUITests;
			productReference = E873F86626DF9E4A00700F3F /* ParsleyUITests.xctest */;
			productType = "com.apple.product-type.bundle.ui-testing";
		};
/* End PBXNativeTarget section */

/* Begin PBXProject section */
		E873F83A26DF9E4800700F3F /* Project object */ = {
			isa = PBXProject;
			attributes = {
				LastSwiftUpdateCheck = 1250;
				LastUpgradeCheck = 1250;
				TargetAttributes = {
					E873F84126DF9E4800700F3F = {
						CreatedOnToolsVersion = 12.5.1;
					};
					E873F85A26DF9E4A00700F3F = {
						CreatedOnToolsVersion = 12.5.1;
						TestTargetID = E873F84126DF9E4800700F3F;
					};
					E873F86526DF9E4A00700F3F = {
						CreatedOnToolsVersion = 12.5.1;
						TestTargetID = E873F84126DF9E4800700F3F;
					};
				};
			};
			buildConfigurationList = E873F83D26DF9E4800700F3F /* Build configuration list for PBXProject "Parsley" */;
			compatibilityVersion = "Xcode 9.3";
			developmentRegion = en;
			hasScannedForEncodings = 0;
			knownRegions = (
				en,
				Base,
			);
			mainGroup = E873F83926DF9E4800700F3F;
			productRefGroup = E873F84326DF9E4800700F3F /* Products */;
			projectDirPath = "";
			projectRoot = "";
			targets = (
				E873F84126DF9E4800700F3F /* Parsley */,
				E873F85A26DF9E4A00700F3F /* ParsleyTests */,
				E873F86526DF9E4A00700F3F /* ParsleyUITests */,
			);
		};
/* End PBXProject section */

/* Begin PBXResourcesBuildPhase section */
		E873F84026DF9E4800700F3F /* Resources */ = {
			isa = PBXResourcesBuildPhase;
			buildActionMask = 2147483647;
			files = (
				E873F85526DF9E4900700F3F /* LaunchScreen.storyboard in Resources */,
				E873F85226DF9E4900700F3F /* Assets.xcassets in Resources */,
				E87B8F8B26E110D3008B185B /* README.md in Resources */,
				E873F84D26DF9E4800700F3F /* Main.storyboard in Resources */,
			);
			runOnlyForDeploymentPostprocessing = 0;
		};
		E873F85926DF9E4A00700F3F /* Resources */ = {
			isa = PBXResourcesBuildPhase;
			buildActionMask = 2147483647;
			files = (
				E87B8F8C26E110D3008B185B /* README.md in Resources */,
			);
			runOnlyForDeploymentPostprocessing = 0;
		};
		E873F86426DF9E4A00700F3F /* Resources */ = {
			isa = PBXResourcesBuildPhase;
			buildActionMask = 2147483647;
			files = (
				E87B8F8D26E110D3008B185B /* README.md in Resources */,
			);
			runOnlyForDeploymentPostprocessing = 0;
		};
/* End PBXResourcesBuildPhase section */

/* Begin PBXShellScriptBuildPhase section */
		3C52EBDC1BF44E1ACD85F128 /* [CP] Embed Pods Frameworks */ = {
			isa = PBXShellScriptBuildPhase;
			buildActionMask = 2147483647;
			files = (
			);
			inputFileListPaths = (
				"${PODS_ROOT}/Target Support Files/Pods-ParsleyTests/Pods-ParsleyTests-frameworks-${CONFIGURATION}-input-files.xcfilelist",
			);
			name = "[CP] Embed Pods Frameworks";
			outputFileListPaths = (
				"${PODS_ROOT}/Target Support Files/Pods-ParsleyTests/Pods-ParsleyTests-frameworks-${CONFIGURATION}-output-files.xcfilelist",
			);
			runOnlyForDeploymentPostprocessing = 0;
			shellPath = /bin/sh;
			shellScript = "\"${PODS_ROOT}/Target Support Files/Pods-ParsleyTests/Pods-ParsleyTests-frameworks.sh\"\n";
			showEnvVarsInLog = 0;
		};
		6922EDBCB7EE380D1BBD1D1F /* [CP] Check Pods Manifest.lock */ = {
			isa = PBXShellScriptBuildPhase;
			buildActionMask = 2147483647;
			files = (
			);
			inputFileListPaths = (
			);
			inputPaths = (
				"${PODS_PODFILE_DIR_PATH}/Podfile.lock",
				"${PODS_ROOT}/Manifest.lock",
			);
			name = "[CP] Check Pods Manifest.lock";
			outputFileListPaths = (
			);
			outputPaths = (
				"$(DERIVED_FILE_DIR)/Pods-Parsley-checkManifestLockResult.txt",
			);
			runOnlyForDeploymentPostprocessing = 0;
			shellPath = /bin/sh;
			shellScript = "diff \"${PODS_PODFILE_DIR_PATH}/Podfile.lock\" \"${PODS_ROOT}/Manifest.lock\" > /dev/null\nif [ $? != 0 ] ; then\n    # print error to STDERR\n    echo \"error: The sandbox is not in sync with the Podfile.lock. Run 'pod install' or update your CocoaPods installation.\" >&2\n    exit 1\nfi\n# This output is used by Xcode 'outputs' to avoid re-running this script phase.\necho \"SUCCESS\" > \"${SCRIPT_OUTPUT_FILE_0}\"\n";
			showEnvVarsInLog = 0;
		};
		BD26A1AF05B6529C59123E34 /* [CP] Embed Pods Frameworks */ = {
			isa = PBXShellScriptBuildPhase;
			buildActionMask = 2147483647;
			files = (
			);
			inputFileListPaths = (
				"${PODS_ROOT}/Target Support Files/Pods-Parsley-ParsleyUITests/Pods-Parsley-ParsleyUITests-frameworks-${CONFIGURATION}-input-files.xcfilelist",
			);
			name = "[CP] Embed Pods Frameworks";
			outputFileListPaths = (
				"${PODS_ROOT}/Target Support Files/Pods-Parsley-ParsleyUITests/Pods-Parsley-ParsleyUITests-frameworks-${CONFIGURATION}-output-files.xcfilelist",
			);
			runOnlyForDeploymentPostprocessing = 0;
			shellPath = /bin/sh;
			shellScript = "\"${PODS_ROOT}/Target Support Files/Pods-Parsley-ParsleyUITests/Pods-Parsley-ParsleyUITests-frameworks.sh\"\n";
			showEnvVarsInLog = 0;
		};
		BEABAF744CEEAB4F80136CA0 /* [CP] Check Pods Manifest.lock */ = {
			isa = PBXShellScriptBuildPhase;
			buildActionMask = 2147483647;
			files = (
			);
			inputFileListPaths = (
			);
			inputPaths = (
				"${PODS_PODFILE_DIR_PATH}/Podfile.lock",
				"${PODS_ROOT}/Manifest.lock",
			);
			name = "[CP] Check Pods Manifest.lock";
			outputFileListPaths = (
			);
			outputPaths = (
				"$(DERIVED_FILE_DIR)/Pods-ParsleyTests-checkManifestLockResult.txt",
			);
			runOnlyForDeploymentPostprocessing = 0;
			shellPath = /bin/sh;
			shellScript = "diff \"${PODS_PODFILE_DIR_PATH}/Podfile.lock\" \"${PODS_ROOT}/Manifest.lock\" > /dev/null\nif [ $? != 0 ] ; then\n    # print error to STDERR\n    echo \"error: The sandbox is not in sync with the Podfile.lock. Run 'pod install' or update your CocoaPods installation.\" >&2\n    exit 1\nfi\n# This output is used by Xcode 'outputs' to avoid re-running this script phase.\necho \"SUCCESS\" > \"${SCRIPT_OUTPUT_FILE_0}\"\n";
			showEnvVarsInLog = 0;
		};
		D80BD4D6A3C00A5ACC551810 /* [CP] Check Pods Manifest.lock */ = {
			isa = PBXShellScriptBuildPhase;
			buildActionMask = 2147483647;
			files = (
			);
			inputFileListPaths = (
			);
			inputPaths = (
				"${PODS_PODFILE_DIR_PATH}/Podfile.lock",
				"${PODS_ROOT}/Manifest.lock",
			);
			name = "[CP] Check Pods Manifest.lock";
			outputFileListPaths = (
			);
			outputPaths = (
				"$(DERIVED_FILE_DIR)/Pods-Parsley-ParsleyUITests-checkManifestLockResult.txt",
			);
			runOnlyForDeploymentPostprocessing = 0;
			shellPath = /bin/sh;
			shellScript = "diff \"${PODS_PODFILE_DIR_PATH}/Podfile.lock\" \"${PODS_ROOT}/Manifest.lock\" > /dev/null\nif [ $? != 0 ] ; then\n    # print error to STDERR\n    echo \"error: The sandbox is not in sync with the Podfile.lock. Run 'pod install' or update your CocoaPods installation.\" >&2\n    exit 1\nfi\n# This output is used by Xcode 'outputs' to avoid re-running this script phase.\necho \"SUCCESS\" > \"${SCRIPT_OUTPUT_FILE_0}\"\n";
			showEnvVarsInLog = 0;
		};
		DB5292B5E922524CC6853D3D /* [CP] Embed Pods Frameworks */ = {
			isa = PBXShellScriptBuildPhase;
			buildActionMask = 2147483647;
			files = (
			);
			inputFileListPaths = (
				"${PODS_ROOT}/Target Support Files/Pods-Parsley/Pods-Parsley-frameworks-${CONFIGURATION}-input-files.xcfilelist",
			);
			name = "[CP] Embed Pods Frameworks";
			outputFileListPaths = (
				"${PODS_ROOT}/Target Support Files/Pods-Parsley/Pods-Parsley-frameworks-${CONFIGURATION}-output-files.xcfilelist",
			);
			runOnlyForDeploymentPostprocessing = 0;
			shellPath = /bin/sh;
			shellScript = "\"${PODS_ROOT}/Target Support Files/Pods-Parsley/Pods-Parsley-frameworks.sh\"\n";
			showEnvVarsInLog = 0;
		};
/* End PBXShellScriptBuildPhase section */

/* Begin PBXSourcesBuildPhase section */
		E873F83E26DF9E4800700F3F /* Sources */ = {
			isa = PBXSourcesBuildPhase;
			buildActionMask = 2147483647;
			files = (
				E890634126E262B2000F311F /* Constants.swift in Sources */,
				E84A0D5226EA307D00425D3D /* Category.swift in Sources */,
				E873F85026DF9E4800700F3F /* Parsley.xcdatamodeld in Sources */,
				E873F84A26DF9E4800700F3F /* TodoViewController.swift in Sources */,
				E873F84626DF9E4800700F3F /* AppDelegate.swift in Sources */,
				E84A0D4E26EA307300425D3D /* Item.swift in Sources */,
				E890634326E2630C000F311F /* ListViewController.swift in Sources */,
				E8F6685F2744363900B0FC0A /* Extensions.swift in Sources */,
				E84A0D5C26EA446C00425D3D /* ItemViewController.swift in Sources */,
				E84A0D5626EA408F00425D3D /* CategoryViewController.swift in Sources */,
				E8238F002735698800E062B2 /* LaunchScreenViewController.swift in Sources */,
				E873F84826DF9E4800700F3F /* SceneDelegate.swift in Sources */,
			);
			runOnlyForDeploymentPostprocessing = 0;
		};
		E873F85726DF9E4A00700F3F /* Sources */ = {
			isa = PBXSourcesBuildPhase;
			buildActionMask = 2147483647;
			files = (
				E84A0D5726EA408F00425D3D /* CategoryViewController.swift in Sources */,
				E84A0D4F26EA307300425D3D /* Item.swift in Sources */,
				E84A0D5D26EA446C00425D3D /* ItemViewController.swift in Sources */,
				E873F86026DF9E4A00700F3F /* ParsleyTests.swift in Sources */,
				E84A0D5326EA307D00425D3D /* Category.swift in Sources */,
			);
			runOnlyForDeploymentPostprocessing = 0;
		};
		E873F86226DF9E4A00700F3F /* Sources */ = {
			isa = PBXSourcesBuildPhase;
			buildActionMask = 2147483647;
			files = (
				E84A0D5826EA408F00425D3D /* CategoryViewController.swift in Sources */,
				E84A0D5026EA307300425D3D /* Item.swift in Sources */,
				E84A0D5E26EA446C00425D3D /* ItemViewController.swift in Sources */,
				E873F86B26DF9E4A00700F3F /* ParsleyUITests.swift in Sources */,
				E84A0D5426EA307D00425D3D /* Category.swift in Sources */,
			);
			runOnlyForDeploymentPostprocessing = 0;
		};
/* End PBXSourcesBuildPhase section */

/* Begin PBXTargetDependency section */
		E873F85D26DF9E4A00700F3F /* PBXTargetDependency */ = {
			isa = PBXTargetDependency;
			target = E873F84126DF9E4800700F3F /* Parsley */;
			targetProxy = E873F85C26DF9E4A00700F3F /* PBXContainerItemProxy */;
		};
		E873F86826DF9E4A00700F3F /* PBXTargetDependency */ = {
			isa = PBXTargetDependency;
			target = E873F84126DF9E4800700F3F /* Parsley */;
			targetProxy = E873F86726DF9E4A00700F3F /* PBXContainerItemProxy */;
		};
/* End PBXTargetDependency section */

/* Begin PBXVariantGroup section */
		E873F84B26DF9E4800700F3F /* Main.storyboard */ = {
			isa = PBXVariantGroup;
			children = (
				E873F84C26DF9E4800700F3F /* Base */,
			);
			name = Main.storyboard;
			sourceTree = "<group>";
		};
		E873F85326DF9E4900700F3F /* LaunchScreen.storyboard */ = {
			isa = PBXVariantGroup;
			children = (
				E873F85426DF9E4900700F3F /* Base */,
			);
			name = LaunchScreen.storyboard;
			sourceTree = "<group>";
		};
/* End PBXVariantGroup section */

/* Begin XCBuildConfiguration section */
		E873F86D26DF9E4A00700F3F /* Debug */ = {
			isa = XCBuildConfiguration;
			buildSettings = {
				ALWAYS_SEARCH_USER_PATHS = NO;
				CLANG_ANALYZER_NONNULL = YES;
				CLANG_ANALYZER_NUMBER_OBJECT_CONVERSION = YES_AGGRESSIVE;
				CLANG_CXX_LANGUAGE_STANDARD = "gnu++14";
				CLANG_CXX_LIBRARY = "libc++";
				CLANG_ENABLE_MODULES = YES;
				CLANG_ENABLE_OBJC_ARC = YES;
				CLANG_ENABLE_OBJC_WEAK = YES;
				CLANG_WARN_BLOCK_CAPTURE_AUTORELEASING = YES;
				CLANG_WARN_BOOL_CONVERSION = YES;
				CLANG_WARN_COMMA = YES;
				CLANG_WARN_CONSTANT_CONVERSION = YES;
				CLANG_WARN_DEPRECATED_OBJC_IMPLEMENTATIONS = YES;
				CLANG_WARN_DIRECT_OBJC_ISA_USAGE = YES_ERROR;
				CLANG_WARN_DOCUMENTATION_COMMENTS = YES;
				CLANG_WARN_EMPTY_BODY = YES;
				CLANG_WARN_ENUM_CONVERSION = YES;
				CLANG_WARN_INFINITE_RECURSION = YES;
				CLANG_WARN_INT_CONVERSION = YES;
				CLANG_WARN_NON_LITERAL_NULL_CONVERSION = YES;
				CLANG_WARN_OBJC_IMPLICIT_RETAIN_SELF = YES;
				CLANG_WARN_OBJC_LITERAL_CONVERSION = YES;
				CLANG_WARN_OBJC_ROOT_CLASS = YES_ERROR;
				CLANG_WARN_QUOTED_INCLUDE_IN_FRAMEWORK_HEADER = YES;
				CLANG_WARN_RANGE_LOOP_ANALYSIS = YES;
				CLANG_WARN_STRICT_PROTOTYPES = YES;
				CLANG_WARN_SUSPICIOUS_MOVE = YES;
				CLANG_WARN_UNGUARDED_AVAILABILITY = YES_AGGRESSIVE;
				CLANG_WARN_UNREACHABLE_CODE = YES;
				CLANG_WARN__DUPLICATE_METHOD_MATCH = YES;
				COPY_PHASE_STRIP = NO;
				DEBUG_INFORMATION_FORMAT = dwarf;
				ENABLE_STRICT_OBJC_MSGSEND = YES;
				ENABLE_TESTABILITY = YES;
				GCC_C_LANGUAGE_STANDARD = gnu11;
				GCC_DYNAMIC_NO_PIC = NO;
				GCC_NO_COMMON_BLOCKS = YES;
				GCC_OPTIMIZATION_LEVEL = 0;
				GCC_PREPROCESSOR_DEFINITIONS = (
					"DEBUG=1",
					"$(inherited)",
				);
				GCC_WARN_64_TO_32_BIT_CONVERSION = YES;
				GCC_WARN_ABOUT_RETURN_TYPE = YES_ERROR;
				GCC_WARN_UNDECLARED_SELECTOR = YES;
				GCC_WARN_UNINITIALIZED_AUTOS = YES_AGGRESSIVE;
				GCC_WARN_UNUSED_FUNCTION = YES;
				GCC_WARN_UNUSED_VARIABLE = YES;
				IPHONEOS_DEPLOYMENT_TARGET = 14.5;
				MTL_ENABLE_DEBUG_INFO = INCLUDE_SOURCE;
				MTL_FAST_MATH = YES;
				ONLY_ACTIVE_ARCH = YES;
				SDKROOT = iphoneos;
				SWIFT_ACTIVE_COMPILATION_CONDITIONS = DEBUG;
				SWIFT_OPTIMIZATION_LEVEL = "-Onone";
			};
			name = Debug;
		};
		E873F86E26DF9E4A00700F3F /* Release */ = {
			isa = XCBuildConfiguration;
			buildSettings = {
				ALWAYS_SEARCH_USER_PATHS = NO;
				CLANG_ANALYZER_NONNULL = YES;
				CLANG_ANALYZER_NUMBER_OBJECT_CONVERSION = YES_AGGRESSIVE;
				CLANG_CXX_LANGUAGE_STANDARD = "gnu++14";
				CLANG_CXX_LIBRARY = "libc++";
				CLANG_ENABLE_MODULES = YES;
				CLANG_ENABLE_OBJC_ARC = YES;
				CLANG_ENABLE_OBJC_WEAK = YES;
				CLANG_WARN_BLOCK_CAPTURE_AUTORELEASING = YES;
				CLANG_WARN_BOOL_CONVERSION = YES;
				CLANG_WARN_COMMA = YES;
				CLANG_WARN_CONSTANT_CONVERSION = YES;
				CLANG_WARN_DEPRECATED_OBJC_IMPLEMENTATIONS = YES;
				CLANG_WARN_DIRECT_OBJC_ISA_USAGE = YES_ERROR;
				CLANG_WARN_DOCUMENTATION_COMMENTS = YES;
				CLANG_WARN_EMPTY_BODY = YES;
				CLANG_WARN_ENUM_CONVERSION = YES;
				CLANG_WARN_INFINITE_RECURSION = YES;
				CLANG_WARN_INT_CONVERSION = YES;
				CLANG_WARN_NON_LITERAL_NULL_CONVERSION = YES;
				CLANG_WARN_OBJC_IMPLICIT_RETAIN_SELF = YES;
				CLANG_WARN_OBJC_LITERAL_CONVERSION = YES;
				CLANG_WARN_OBJC_ROOT_CLASS = YES_ERROR;
				CLANG_WARN_QUOTED_INCLUDE_IN_FRAMEWORK_HEADER = YES;
				CLANG_WARN_RANGE_LOOP_ANALYSIS = YES;
				CLANG_WARN_STRICT_PROTOTYPES = YES;
				CLANG_WARN_SUSPICIOUS_MOVE = YES;
				CLANG_WARN_UNGUARDED_AVAILABILITY = YES_AGGRESSIVE;
				CLANG_WARN_UNREACHABLE_CODE = YES;
				CLANG_WARN__DUPLICATE_METHOD_MATCH = YES;
				COPY_PHASE_STRIP = NO;
				DEBUG_INFORMATION_FORMAT = "dwarf-with-dsym";
				ENABLE_NS_ASSERTIONS = NO;
				ENABLE_STRICT_OBJC_MSGSEND = YES;
				GCC_C_LANGUAGE_STANDARD = gnu11;
				GCC_NO_COMMON_BLOCKS = YES;
				GCC_WARN_64_TO_32_BIT_CONVERSION = YES;
				GCC_WARN_ABOUT_RETURN_TYPE = YES_ERROR;
				GCC_WARN_UNDECLARED_SELECTOR = YES;
				GCC_WARN_UNINITIALIZED_AUTOS = YES_AGGRESSIVE;
				GCC_WARN_UNUSED_FUNCTION = YES;
				GCC_WARN_UNUSED_VARIABLE = YES;
				IPHONEOS_DEPLOYMENT_TARGET = 14.5;
				MTL_ENABLE_DEBUG_INFO = NO;
				MTL_FAST_MATH = YES;
				SDKROOT = iphoneos;
				SWIFT_COMPILATION_MODE = wholemodule;
				SWIFT_OPTIMIZATION_LEVEL = "-O";
				VALIDATE_PRODUCT = YES;
			};
			name = Release;
		};
		E873F87026DF9E4A00700F3F /* Debug */ = {
			isa = XCBuildConfiguration;
			baseConfigurationReference = 5338CA7140B7F78DA6506DF6 /* Pods-Parsley.debug.xcconfig */;
			buildSettings = {
				ASSETCATALOG_COMPILER_APPICON_NAME = AppIcon;
				ASSETCATALOG_COMPILER_GLOBAL_ACCENT_COLOR_NAME = AccentColor;
				CODE_SIGN_STYLE = Automatic;
				DEVELOPMENT_TEAM = WZ97249UNV;
				INFOPLIST_FILE = Parsley/Info.plist;
				LD_RUNPATH_SEARCH_PATHS = (
					"$(inherited)",
					"@executable_path/Frameworks",
				);
				PRODUCT_BUNDLE_IDENTIFIER = com.laynejohnson.Parsley;
				PRODUCT_NAME = "$(TARGET_NAME)";
				SWIFT_VERSION = 5.0;
				TARGETED_DEVICE_FAMILY = "1,2";
			};
			name = Debug;
		};
		E873F87126DF9E4A00700F3F /* Release */ = {
			isa = XCBuildConfiguration;
			baseConfigurationReference = C50A9799324DB77D1530F4E9 /* Pods-Parsley.release.xcconfig */;
			buildSettings = {
				ASSETCATALOG_COMPILER_APPICON_NAME = AppIcon;
				ASSETCATALOG_COMPILER_GLOBAL_ACCENT_COLOR_NAME = AccentColor;
				CODE_SIGN_STYLE = Automatic;
				DEVELOPMENT_TEAM = WZ97249UNV;
				INFOPLIST_FILE = Parsley/Info.plist;
				LD_RUNPATH_SEARCH_PATHS = (
					"$(inherited)",
					"@executable_path/Frameworks",
				);
				PRODUCT_BUNDLE_IDENTIFIER = com.laynejohnson.Parsley;
				PRODUCT_NAME = "$(TARGET_NAME)";
				SWIFT_VERSION = 5.0;
				TARGETED_DEVICE_FAMILY = "1,2";
			};
			name = Release;
		};
		E873F87326DF9E4A00700F3F /* Debug */ = {
			isa = XCBuildConfiguration;
			baseConfigurationReference = EDE48F081C3DEFC96C62E9CB /* Pods-ParsleyTests.debug.xcconfig */;
			buildSettings = {
				ALWAYS_EMBED_SWIFT_STANDARD_LIBRARIES = YES;
				BUNDLE_LOADER = "$(TEST_HOST)";
				CODE_SIGN_STYLE = Automatic;
				DEVELOPMENT_TEAM = WZ97249UNV;
				INFOPLIST_FILE = ParsleyTests/Info.plist;
				IPHONEOS_DEPLOYMENT_TARGET = 14.5;
				LD_RUNPATH_SEARCH_PATHS = (
					"$(inherited)",
					"@executable_path/Frameworks",
					"@loader_path/Frameworks",
				);
				PRODUCT_BUNDLE_IDENTIFIER = com.laynejohnson.ParsleyTests;
				PRODUCT_NAME = "$(TARGET_NAME)";
				SWIFT_VERSION = 5.0;
				TARGETED_DEVICE_FAMILY = "1,2";
				TEST_HOST = "$(BUILT_PRODUCTS_DIR)/Parsley.app/Parsley";
			};
			name = Debug;
		};
		E873F87426DF9E4A00700F3F /* Release */ = {
			isa = XCBuildConfiguration;
			baseConfigurationReference = 074C4A1B03C863400775607C /* Pods-ParsleyTests.release.xcconfig */;
			buildSettings = {
				ALWAYS_EMBED_SWIFT_STANDARD_LIBRARIES = YES;
				BUNDLE_LOADER = "$(TEST_HOST)";
				CODE_SIGN_STYLE = Automatic;
				DEVELOPMENT_TEAM = WZ97249UNV;
				INFOPLIST_FILE = ParsleyTests/Info.plist;
				IPHONEOS_DEPLOYMENT_TARGET = 14.5;
				LD_RUNPATH_SEARCH_PATHS = (
					"$(inherited)",
					"@executable_path/Frameworks",
					"@loader_path/Frameworks",
				);
				PRODUCT_BUNDLE_IDENTIFIER = com.laynejohnson.ParsleyTests;
				PRODUCT_NAME = "$(TARGET_NAME)";
				SWIFT_VERSION = 5.0;
				TARGETED_DEVICE_FAMILY = "1,2";
				TEST_HOST = "$(BUILT_PRODUCTS_DIR)/Parsley.app/Parsley";
			};
			name = Release;
		};
		E873F87626DF9E4A00700F3F /* Debug */ = {
			isa = XCBuildConfiguration;
			baseConfigurationReference = CE6F09884EA8544ED7AC15AA /* Pods-Parsley-ParsleyUITests.debug.xcconfig */;
			buildSettings = {
				ALWAYS_EMBED_SWIFT_STANDARD_LIBRARIES = YES;
				CODE_SIGN_STYLE = Automatic;
				DEVELOPMENT_TEAM = WZ97249UNV;
				INFOPLIST_FILE = ParsleyUITests/Info.plist;
				LD_RUNPATH_SEARCH_PATHS = (
					"$(inherited)",
					"@executable_path/Frameworks",
					"@loader_path/Frameworks",
				);
				PRODUCT_BUNDLE_IDENTIFIER = com.laynejohnson.ParsleyUITests;
				PRODUCT_NAME = "$(TARGET_NAME)";
				SWIFT_VERSION = 5.0;
				TARGETED_DEVICE_FAMILY = "1,2";
				TEST_TARGET_NAME = Parsley;
			};
			name = Debug;
		};
		E873F87726DF9E4A00700F3F /* Release */ = {
			isa = XCBuildConfiguration;
			baseConfigurationReference = 449E3A58CE2C0BFDE951D5D2 /* Pods-Parsley-ParsleyUITests.release.xcconfig */;
			buildSettings = {
				ALWAYS_EMBED_SWIFT_STANDARD_LIBRARIES = YES;
				CODE_SIGN_STYLE = Automatic;
				DEVELOPMENT_TEAM = WZ97249UNV;
				INFOPLIST_FILE = ParsleyUITests/Info.plist;
				LD_RUNPATH_SEARCH_PATHS = (
					"$(inherited)",
					"@executable_path/Frameworks",
					"@loader_path/Frameworks",
				);
				PRODUCT_BUNDLE_IDENTIFIER = com.laynejohnson.ParsleyUITests;
				PRODUCT_NAME = "$(TARGET_NAME)";
				SWIFT_VERSION = 5.0;
				TARGETED_DEVICE_FAMILY = "1,2";
				TEST_TARGET_NAME = Parsley;
			};
			name = Release;
		};
/* End XCBuildConfiguration section */

/* Begin XCConfigurationList section */
		E873F83D26DF9E4800700F3F /* Build configuration list for PBXProject "Parsley" */ = {
			isa = XCConfigurationList;
			buildConfigurations = (
				E873F86D26DF9E4A00700F3F /* Debug */,
				E873F86E26DF9E4A00700F3F /* Release */,
			);
			defaultConfigurationIsVisible = 0;
			defaultConfigurationName = Release;
		};
		E873F86F26DF9E4A00700F3F /* Build configuration list for PBXNativeTarget "Parsley" */ = {
			isa = XCConfigurationList;
			buildConfigurations = (
				E873F87026DF9E4A00700F3F /* Debug */,
				E873F87126DF9E4A00700F3F /* Release */,
			);
			defaultConfigurationIsVisible = 0;
			defaultConfigurationName = Release;
		};
		E873F87226DF9E4A00700F3F /* Build configuration list for PBXNativeTarget "ParsleyTests" */ = {
			isa = XCConfigurationList;
			buildConfigurations = (
				E873F87326DF9E4A00700F3F /* Debug */,
				E873F87426DF9E4A00700F3F /* Release */,
			);
			defaultConfigurationIsVisible = 0;
			defaultConfigurationName = Release;
		};
		E873F87526DF9E4A00700F3F /* Build configuration list for PBXNativeTarget "ParsleyUITests" */ = {
			isa = XCConfigurationList;
			buildConfigurations = (
				E873F87626DF9E4A00700F3F /* Debug */,
				E873F87726DF9E4A00700F3F /* Release */,
			);
			defaultConfigurationIsVisible = 0;
			defaultConfigurationName = Release;
		};
/* End XCConfigurationList section */

/* Begin XCVersionGroup section */
		E873F84E26DF9E4800700F3F /* Parsley.xcdatamodeld */ = {
			isa = XCVersionGroup;
			children = (
				E873F84F26DF9E4800700F3F /* Parsley.xcdatamodel */,
			);
			currentVersion = E873F84F26DF9E4800700F3F /* Parsley.xcdatamodel */;
			path = Parsley.xcdatamodeld;
			sourceTree = "<group>";
			versionGroupType = wrapper.xcdatamodel;
		};
/* End XCVersionGroup section */
	};
	rootObject = E873F83A26DF9E4800700F3F /* Project object */;
}
