// !$*UTF8*$!
{
	archiveVersion = 1;
	classes = {
	};
	objectVersion = 50;
	objects = {

/* Begin PBXBuildFile section */
		E873F84626DF9E4800700F3F /* AppDelegate.swift in Sources */ = {isa = PBXBuildFile; fileRef = E873F84526DF9E4800700F3F /* AppDelegate.swift */; };
		E873F84826DF9E4800700F3F /* SceneDelegate.swift in Sources */ = {isa = PBXBuildFile; fileRef = E873F84726DF9E4800700F3F /* SceneDelegate.swift */; };
		E873F84A26DF9E4800700F3F /* ViewController.swift in Sources */ = {isa = PBXBuildFile; fileRef = E873F84926DF9E4800700F3F /* ViewController.swift */; };
		E873F84D26DF9E4800700F3F /* Main.storyboard in Resources */ = {isa = PBXBuildFile; fileRef = E873F84B26DF9E4800700F3F /* Main.storyboard */; };
		E873F85026DF9E4800700F3F /* Parsley.xcdatamodeld in Sources */ = {isa = PBXBuildFile; fileRef = E873F84E26DF9E4800700F3F /* Parsley.xcdatamodeld */; };
		E873F85226DF9E4900700F3F /* Assets.xcassets in Resources */ = {isa = PBXBuildFile; fileRef = E873F85126DF9E4900700F3F /* Assets.xcassets */; };
		E873F85526DF9E4900700F3F /* LaunchScreen.storyboard in Resources */ = {isa = PBXBuildFile; fileRef = E873F85326DF9E4900700F3F /* LaunchScreen.storyboard */; };
		E873F86026DF9E4A00700F3F /* ParsleyTests.swift in Sources */ = {isa = PBXBuildFile; fileRef = E873F85F26DF9E4A00700F3F /* ParsleyTests.swift */; };
		E873F86B26DF9E4A00700F3F /* ParsleyUITests.swift in Sources */ = {isa = PBXBuildFile; fileRef = E873F86A26DF9E4A00700F3F /* ParsleyUITests.swift */; };
		E87B8F8B26E110D3008B185B /* README.md in Resources */ = {isa = PBXBuildFile; fileRef = E87B8F8A26E110D3008B185B /* README.md */; };
		E87B8F8C26E110D3008B185B /* README.md in Resources */ = {isa = PBXBuildFile; fileRef = E87B8F8A26E110D3008B185B /* README.md */; };
		E87B8F8D26E110D3008B185B /* README.md in Resources */ = {isa = PBXBuildFile; fileRef = E87B8F8A26E110D3008B185B /* README.md */; };
/* End PBXBuildFile section */

/* Begin PBXContainerItemProxy section */
		E873F85C26DF9E4A00700F3F /* PBXContainerItemProxy */ = {
			isa = PBXContainerItemProxy;
			containerPortal = E873F83A26DF9E4800700F3F /* Project object */;
			proxyType = 1;
			remoteGlobalIDString = E873F84126DF9E4800700F3F;
			remoteInfo = Parsley;
		};
		E873F86726DF9E4A00700F3F /* PBXContainerItemProxy */ = {
			isa = PBXContainerItemProxy;
			containerPortal = E873F83A26DF9E4800700F3F /* Project object */;
			proxyType = 1;
			remoteGlobalIDString = E873F84126DF9E4800700F3F;
			remoteInfo = Parsley;
		};
/* End PBXContainerItemProxy section */

/* Begin PBXFileReference section */
		E873F84226DF9E4800700F3F /* Parsley.app */ = {isa = PBXFileReference; explicitFileType = wrapper.application; includeInIndex = 0; path = Parsley.app; sourceTree = BUILT_PRODUCTS_DIR; };
		E873F84526DF9E4800700F3F /* AppDelegate.swift */ = {isa = PBXFileReference; lastKnownFileType = sourcecode.swift; path = AppDelegate.swift; sourceTree = "<group>"; };
		E873F84726DF9E4800700F3F /* SceneDelegate.swift */ = {isa = PBXFileReference; lastKnownFileType = sourcecode.swift; path = SceneDelegate.swift; sourceTree = "<group>"; };
		E873F84926DF9E4800700F3F /* ViewController.swift */ = {isa = PBXFileReference; lastKnownFileType = sourcecode.swift; path = ViewController.swift; sourceTree = "<group>"; };
		E873F84C26DF9E4800700F3F /* Base */ = {isa = PBXFileReference; lastKnownFileType = file.storyboard; name = Base; path = Base.lproj/Main.storyboard; sourceTree = "<group>"; };
		E873F84F26DF9E4800700F3F /* Parsley.xcdatamodel */ = {isa = PBXFileReference; lastKnownFileType = wrapper.xcdatamodel; path = Parsley.xcdatamodel; sourceTree = "<group>"; };
		E873F85126DF9E4900700F3F /* Assets.xcassets */ = {isa = PBXFileReference; lastKnownFileType = folder.assetcatalog; path = Assets.xcassets; sourceTree = "<group>"; };
		E873F85426DF9E4900700F3F /* Base */ = {isa = PBXFileReference; lastKnownFileType = file.storyboard; name = Base; path = Base.lproj/LaunchScreen.storyboard; sourceTree = "<group>"; };
		E873F85626DF9E4900700F3F /* Info.plist */ = {isa = PBXFileReference; lastKnownFileType = text.plist.xml; path = Info.plist; sourceTree = "<group>"; };
		E873F85B26DF9E4A00700F3F /* ParsleyTests.xctest */ = {isa = PBXFileReference; explicitFileType = wrapper.cfbundle; includeInIndex = 0; path = ParsleyTests.xctest; sourceTree = BUILT_PRODUCTS_DIR; };
		E873F85F26DF9E4A00700F3F /* ParsleyTests.swift */ = {isa = PBXFileReference; lastKnownFileType = sourcecode.swift; path = ParsleyTests.swift; sourceTree = "<group>"; };
		E873F86126DF9E4A00700F3F /* Info.plist */ = {isa = PBXFileReference; lastKnownFileType = text.plist.xml; path = Info.plist; sourceTree = "<group>"; };
		E873F86626DF9E4A00700F3F /* ParsleyUITests.xctest */ = {isa = PBXFileReference; explicitFileType = wrapper.cfbundle; includeInIndex = 0; path = ParsleyUITests.xctest; sourceTree = BUILT_PRODUCTS_DIR; };
		E873F86A26DF9E4A00700F3F /* ParsleyUITests.swift */ = {isa = PBXFileReference; lastKnownFileType = sourcecode.swift; path = ParsleyUITests.swift; sourceTree = "<group>"; };
		E873F86C26DF9E4A00700F3F /* Info.plist */ = {isa = PBXFileReference; lastKnownFileType = text.plist.xml; path = Info.plist; sourceTree = "<group>"; };
		E87B8F8A26E110D3008B185B /* README.md */ = {isa = PBXFileReference; lastKnownFileType = net.daringfireball.markdown; path = README.md; sourceTree = "<group>"; };
/* End PBXFileReference section */

/* Begin PBXFrameworksBuildPhase section */
		E873F83F26DF9E4800700F3F /* Frameworks */ = {
			isa = PBXFrameworksBuildPhase;
			buildActionMask = 2147483647;
			files = (
			);
			runOnlyForDeploymentPostprocessing = 0;
		};
		E873F85826DF9E4A00700F3F /* Frameworks */ = {
			isa = PBXFrameworksBuildPhase;
			buildActionMask = 2147483647;
			files = (
			);
			runOnlyForDeploymentPostprocessing = 0;
		};
		E873F86326DF9E4A00700F3F /* Frameworks */ = {
			isa = PBXFrameworksBuildPhase;
			buildActionMask = 2147483647;
			files = (
			);
			runOnlyForDeploymentPostprocessing = 0;
		};
/* End PBXFrameworksBuildPhase section */

/* Begin PBXGroup section */
		E873F83926DF9E4800700F3F = {
			isa = PBXGroup;
			children = (
				E87B8F8A26E110D3008B185B /* README.md */,
				E873F84426DF9E4800700F3F /* Parsley */,
				E873F85E26DF9E4A00700F3F /* ParsleyTests */,
				E873F86926DF9E4A00700F3F /* ParsleyUITests */,
				E873F84326DF9E4800700F3F /* Products */,
			);
			sourceTree = "<group>";
		};
		E873F84326DF9E4800700F3F /* Products */ = {
			isa = PBXGroup;
			children = (
				E873F84226DF9E4800700F3F /* Parsley.app */,
				E873F85B26DF9E4A00700F3F /* ParsleyTests.xctest */,
				E873F86626DF9E4A00700F3F /* ParsleyUITests.xctest */,
			);
			name = Products;
			sourceTree = "<group>";
		};
		E873F84426DF9E4800700F3F /* Parsley */ = {
			isa = PBXGroup;
			children = (
				E873F84526DF9E4800700F3F /* AppDelegate.swift */,
				E873F84726DF9E4800700F3F /* SceneDelegate.swift */,
				E873F84926DF9E4800700F3F /* ViewController.swift */,
				E873F84B26DF9E4800700F3F /* Main.storyboard */,
				E873F85126DF9E4900700F3F /* Assets.xcassets */,
				E873F85326DF9E4900700F3F /* LaunchScreen.storyboard */,
				E873F85626DF9E4900700F3F /* Info.plist */,
				E873F84E26DF9E4800700F3F /* Parsley.xcdatamodeld */,
			);
			path = Parsley;
			sourceTree = "<group>";
		};
		E873F85E26DF9E4A00700F3F /* ParsleyTests */ = {
			isa = PBXGroup;
			children = (
				E873F85F26DF9E4A00700F3F /* ParsleyTests.swift */,
				E873F86126DF9E4A00700F3F /* Info.plist */,
			);
			path = ParsleyTests;
			sourceTree = "<group>";
		};
		E873F86926DF9E4A00700F3F /* ParsleyUITests */ = {
			isa = PBXGroup;
			children = (
				E873F86A26DF9E4A00700F3F /* ParsleyUITests.swift */,
				E873F86C26DF9E4A00700F3F /* Info.plist */,
			);
			path = ParsleyUITests;
			sourceTree = "<group>";
		};
/* End PBXGroup section */

/* Begin PBXNativeTarget section */
		E873F84126DF9E4800700F3F /* Parsley */ = {
			isa = PBXNativeTarget;
			buildConfigurationList = E873F86F26DF9E4A00700F3F /* Build configuration list for PBXNativeTarget "Parsley" */;
			buildPhases = (
				E873F83E26DF9E4800700F3F /* Sources */,
				E873F83F26DF9E4800700F3F /* Frameworks */,
				E873F84026DF9E4800700F3F /* Resources */,
			);
			buildRules = (
			);
			dependencies = (
			);
			name = Parsley;
			productName = Parsley;
			productReference = E873F84226DF9E4800700F3F /* Parsley.app */;
			productType = "com.apple.product-type.application";
		};
		E873F85A26DF9E4A00700F3F /* ParsleyTests */ = {
			isa = PBXNativeTarget;
			buildConfigurationList = E873F87226DF9E4A00700F3F /* Build configuration list for PBXNativeTarget "ParsleyTests" */;
			buildPhases = (
				E873F85726DF9E4A00700F3F /* Sources */,
				E873F85826DF9E4A00700F3F /* Frameworks */,
				E873F85926DF9E4A00700F3F /* Resources */,
			);
			buildRules = (
			);
			dependencies = (
				E873F85D26DF9E4A00700F3F /* PBXTargetDependency */,
			);
			name = ParsleyTests;
			productName = ParsleyTests;
			productReference = E873F85B26DF9E4A00700F3F /* ParsleyTests.xctest */;
			productType = "com.apple.product-type.bundle.unit-test";
		};
		E873F86526DF9E4A00700F3F /* ParsleyUITests */ = {
			isa = PBXNativeTarget;
			buildConfigurationList = E873F87526DF9E4A00700F3F /* Build configuration list for PBXNativeTarget "ParsleyUITests" */;
			buildPhases = (
				E873F86226DF9E4A00700F3F /* Sources */,
				E873F86326DF9E4A00700F3F /* Frameworks */,
				E873F86426DF9E4A00700F3F /* Resources */,
			);
			buildRules = (
			);
			dependencies = (
				E873F86826DF9E4A00700F3F /* PBXTargetDependency */,
			);
			name = ParsleyUITests;
			productName = ParsleyUITests;
			productReference = E873F86626DF9E4A00700F3F /* ParsleyUITests.xctest */;
			productType = "com.apple.product-type.bundle.ui-testing";
		};
/* End PBXNativeTarget section */

/* Begin PBXProject section */
		E873F83A26DF9E4800700F3F /* Project object */ = {
			isa = PBXProject;
			attributes = {
				LastSwiftUpdateCheck = 1250;
				LastUpgradeCheck = 1250;
				TargetAttributes = {
					E873F84126DF9E4800700F3F = {
						CreatedOnToolsVersion = 12.5.1;
					};
					E873F85A26DF9E4A00700F3F = {
						CreatedOnToolsVersion = 12.5.1;
						TestTargetID = E873F84126DF9E4800700F3F;
					};
					E873F86526DF9E4A00700F3F = {
						CreatedOnToolsVersion = 12.5.1;
						TestTargetID = E873F84126DF9E4800700F3F;
					};
				};
			};
			buildConfigurationList = E873F83D26DF9E4800700F3F /* Build configuration list for PBXProject "Parsley" */;
			compatibilityVersion = "Xcode 9.3";
			developmentRegion = en;
			hasScannedForEncodings = 0;
			knownRegions = (
				en,
				Base,
			);
			mainGroup = E873F83926DF9E4800700F3F;
			productRefGroup = E873F84326DF9E4800700F3F /* Products */;
			projectDirPath = "";
			projectRoot = "";
			targets = (
				E873F84126DF9E4800700F3F /* Parsley */,
				E873F85A26DF9E4A00700F3F /* ParsleyTests */,
				E873F86526DF9E4A00700F3F /* ParsleyUITests */,
			);
		};
/* End PBXProject section */

/* Begin PBXResourcesBuildPhase section */
		E873F84026DF9E4800700F3F /* Resources */ = {
			isa = PBXResourcesBuildPhase;
			buildActionMask = 2147483647;
			files = (
				E873F85526DF9E4900700F3F /* LaunchScreen.storyboard in Resources */,
				E873F85226DF9E4900700F3F /* Assets.xcassets in Resources */,
				E87B8F8B26E110D3008B185B /* README.md in Resources */,
				E873F84D26DF9E4800700F3F /* Main.storyboard in Resources */,
			);
			runOnlyForDeploymentPostprocessing = 0;
		};
		E873F85926DF9E4A00700F3F /* Resources */ = {
			isa = PBXResourcesBuildPhase;
			buildActionMask = 2147483647;
			files = (
				E87B8F8C26E110D3008B185B /* README.md in Resources */,
			);
			runOnlyForDeploymentPostprocessing = 0;
		};
		E873F86426DF9E4A00700F3F /* Resources */ = {
			isa = PBXResourcesBuildPhase;
			buildActionMask = 2147483647;
			files = (
				E87B8F8D26E110D3008B185B /* README.md in Resources */,
			);
			runOnlyForDeploymentPostprocessing = 0;
		};
/* End PBXResourcesBuildPhase section */

/* Begin PBXSourcesBuildPhase section */
		E873F83E26DF9E4800700F3F /* Sources */ = {
			isa = PBXSourcesBuildPhase;
			buildActionMask = 2147483647;
			files = (
				E873F85026DF9E4800700F3F /* Parsley.xcdatamodeld in Sources */,
				E873F84A26DF9E4800700F3F /* ViewController.swift in Sources */,
				E873F84626DF9E4800700F3F /* AppDelegate.swift in Sources */,
				E873F84826DF9E4800700F3F /* SceneDelegate.swift in Sources */,
			);
			runOnlyForDeploymentPostprocessing = 0;
		};
		E873F85726DF9E4A00700F3F /* Sources */ = {
			isa = PBXSourcesBuildPhase;
			buildActionMask = 2147483647;
			files = (
				E873F86026DF9E4A00700F3F /* ParsleyTests.swift in Sources */,
			);
			runOnlyForDeploymentPostprocessing = 0;
		};
		E873F86226DF9E4A00700F3F /* Sources */ = {
			isa = PBXSourcesBuildPhase;
			buildActionMask = 2147483647;
			files = (
				E873F86B26DF9E4A00700F3F /* ParsleyUITests.swift in Sources */,
			);
			runOnlyForDeploymentPostprocessing = 0;
		};
/* End PBXSourcesBuildPhase section */

/* Begin PBXTargetDependency section */
		E873F85D26DF9E4A00700F3F /* PBXTargetDependency */ = {
			isa = PBXTargetDependency;
			target = E873F84126DF9E4800700F3F /* Parsley */;
			targetProxy = E873F85C26DF9E4A00700F3F /* PBXContainerItemProxy */;
		};
		E873F86826DF9E4A00700F3F /* PBXTargetDependency */ = {
			isa = PBXTargetDependency;
			target = E873F84126DF9E4800700F3F /* Parsley */;
			targetProxy = E873F86726DF9E4A00700F3F /* PBXContainerItemProxy */;
		};
/* End PBXTargetDependency section */

/* Begin PBXVariantGroup section */
		E873F84B26DF9E4800700F3F /* Main.storyboard */ = {
			isa = PBXVariantGroup;
			children = (
				E873F84C26DF9E4800700F3F /* Base */,
			);
			name = Main.storyboard;
			sourceTree = "<group>";
		};
		E873F85326DF9E4900700F3F /* LaunchScreen.storyboard */ = {
			isa = PBXVariantGroup;
			children = (
				E873F85426DF9E4900700F3F /* Base */,
			);
			name = LaunchScreen.storyboard;
			sourceTree = "<group>";
		};
/* End PBXVariantGroup section */

/* Begin XCBuildConfiguration section */
		E873F86D26DF9E4A00700F3F /* Debug */ = {
			isa = XCBuildConfiguration;
			buildSettings = {
				ALWAYS_SEARCH_USER_PATHS = NO;
				CLANG_ANALYZER_NONNULL = YES;
				CLANG_ANALYZER_NUMBER_OBJECT_CONVERSION = YES_AGGRESSIVE;
				CLANG_CXX_LANGUAGE_STANDARD = "gnu++14";
				CLANG_CXX_LIBRARY = "libc++";
				CLANG_ENABLE_MODULES = YES;
				CLANG_ENABLE_OBJC_ARC = YES;
				CLANG_ENABLE_OBJC_WEAK = YES;
				CLANG_WARN_BLOCK_CAPTURE_AUTORELEASING = YES;
				CLANG_WARN_BOOL_CONVERSION = YES;
				CLANG_WARN_COMMA = YES;
				CLANG_WARN_CONSTANT_CONVERSION = YES;
				CLANG_WARN_DEPRECATED_OBJC_IMPLEMENTATIONS = YES;
				CLANG_WARN_DIRECT_OBJC_ISA_USAGE = YES_ERROR;
				CLANG_WARN_DOCUMENTATION_COMMENTS = YES;
				CLANG_WARN_EMPTY_BODY = YES;
				CLANG_WARN_ENUM_CONVERSION = YES;
				CLANG_WARN_INFINITE_RECURSION = YES;
				CLANG_WARN_INT_CONVERSION = YES;
				CLANG_WARN_NON_LITERAL_NULL_CONVERSION = YES;
				CLANG_WARN_OBJC_IMPLICIT_RETAIN_SELF = YES;
				CLANG_WARN_OBJC_LITERAL_CONVERSION = YES;
				CLANG_WARN_OBJC_ROOT_CLASS = YES_ERROR;
				CLANG_WARN_QUOTED_INCLUDE_IN_FRAMEWORK_HEADER = YES;
				CLANG_WARN_RANGE_LOOP_ANALYSIS = YES;
				CLANG_WARN_STRICT_PROTOTYPES = YES;
				CLANG_WARN_SUSPICIOUS_MOVE = YES;
				CLANG_WARN_UNGUARDED_AVAILABILITY = YES_AGGRESSIVE;
				CLANG_WARN_UNREACHABLE_CODE = YES;
				CLANG_WARN__DUPLICATE_METHOD_MATCH = YES;
				COPY_PHASE_STRIP = NO;
				DEBUG_INFORMATION_FORMAT = dwarf;
				ENABLE_STRICT_OBJC_MSGSEND = YES;
				ENABLE_TESTABILITY = YES;
				GCC_C_LANGUAGE_STANDARD = gnu11;
				GCC_DYNAMIC_NO_PIC = NO;
				GCC_NO_COMMON_BLOCKS = YES;
				GCC_OPTIMIZATION_LEVEL = 0;
				GCC_PREPROCESSOR_DEFINITIONS = (
					"DEBUG=1",
					"$(inherited)",
				);
				GCC_WARN_64_TO_32_BIT_CONVERSION = YES;
				GCC_WARN_ABOUT_RETURN_TYPE = YES_ERROR;
				GCC_WARN_UNDECLARED_SELECTOR = YES;
				GCC_WARN_UNINITIALIZED_AUTOS = YES_AGGRESSIVE;
				GCC_WARN_UNUSED_FUNCTION = YES;
				GCC_WARN_UNUSED_VARIABLE = YES;
				IPHONEOS_DEPLOYMENT_TARGET = 14.5;
				MTL_ENABLE_DEBUG_INFO = INCLUDE_SOURCE;
				MTL_FAST_MATH = YES;
				ONLY_ACTIVE_ARCH = YES;
				SDKROOT = iphoneos;
				SWIFT_ACTIVE_COMPILATION_CONDITIONS = DEBUG;
				SWIFT_OPTIMIZATION_LEVEL = "-Onone";
			};
			name = Debug;
		};
		E873F86E26DF9E4A00700F3F /* Release */ = {
			isa = XCBuildConfiguration;
			buildSettings = {
				ALWAYS_SEARCH_USER_PATHS = NO;
				CLANG_ANALYZER_NONNULL = YES;
				CLANG_ANALYZER_NUMBER_OBJECT_CONVERSION = YES_AGGRESSIVE;
				CLANG_CXX_LANGUAGE_STANDARD = "gnu++14";
				CLANG_CXX_LIBRARY = "libc++";
				CLANG_ENABLE_MODULES = YES;
				CLANG_ENABLE_OBJC_ARC = YES;
				CLANG_ENABLE_OBJC_WEAK = YES;
				CLANG_WARN_BLOCK_CAPTURE_AUTORELEASING = YES;
				CLANG_WARN_BOOL_CONVERSION = YES;
				CLANG_WARN_COMMA = YES;
				CLANG_WARN_CONSTANT_CONVERSION = YES;
				CLANG_WARN_DEPRECATED_OBJC_IMPLEMENTATIONS = YES;
				CLANG_WARN_DIRECT_OBJC_ISA_USAGE = YES_ERROR;
				CLANG_WARN_DOCUMENTATION_COMMENTS = YES;
				CLANG_WARN_EMPTY_BODY = YES;
				CLANG_WARN_ENUM_CONVERSION = YES;
				CLANG_WARN_INFINITE_RECURSION = YES;
				CLANG_WARN_INT_CONVERSION = YES;
				CLANG_WARN_NON_LITERAL_NULL_CONVERSION = YES;
				CLANG_WARN_OBJC_IMPLICIT_RETAIN_SELF = YES;
				CLANG_WARN_OBJC_LITERAL_CONVERSION = YES;
				CLANG_WARN_OBJC_ROOT_CLASS = YES_ERROR;
				CLANG_WARN_QUOTED_INCLUDE_IN_FRAMEWORK_HEADER = YES;
				CLANG_WARN_RANGE_LOOP_ANALYSIS = YES;
				CLANG_WARN_STRICT_PROTOTYPES = YES;
				CLANG_WARN_SUSPICIOUS_MOVE = YES;
				CLANG_WARN_UNGUARDED_AVAILABILITY = YES_AGGRESSIVE;
				CLANG_WARN_UNREACHABLE_CODE = YES;
				CLANG_WARN__DUPLICATE_METHOD_MATCH = YES;
				COPY_PHASE_STRIP = NO;
				DEBUG_INFORMATION_FORMAT = "dwarf-with-dsym";
				ENABLE_NS_ASSERTIONS = NO;
				ENABLE_STRICT_OBJC_MSGSEND = YES;
				GCC_C_LANGUAGE_STANDARD = gnu11;
				GCC_NO_COMMON_BLOCKS = YES;
				GCC_WARN_64_TO_32_BIT_CONVERSION = YES;
				GCC_WARN_ABOUT_RETURN_TYPE = YES_ERROR;
				GCC_WARN_UNDECLARED_SELECTOR = YES;
				GCC_WARN_UNINITIALIZED_AUTOS = YES_AGGRESSIVE;
				GCC_WARN_UNUSED_FUNCTION = YES;
				GCC_WARN_UNUSED_VARIABLE = YES;
				IPHONEOS_DEPLOYMENT_TARGET = 14.5;
				MTL_ENABLE_DEBUG_INFO = NO;
				MTL_FAST_MATH = YES;
				SDKROOT = iphoneos;
				SWIFT_COMPILATION_MODE = wholemodule;
				SWIFT_OPTIMIZATION_LEVEL = "-O";
				VALIDATE_PRODUCT = YES;
			};
			name = Release;
		};
		E873F87026DF9E4A00700F3F /* Debug */ = {
			isa = XCBuildConfiguration;
			buildSettings = {
				ASSETCATALOG_COMPILER_APPICON_NAME = AppIcon;
				ASSETCATALOG_COMPILER_GLOBAL_ACCENT_COLOR_NAME = AccentColor;
				CODE_SIGN_STYLE = Automatic;
				DEVELOPMENT_TEAM = WZ97249UNV;
				INFOPLIST_FILE = Parsley/Info.plist;
				LD_RUNPATH_SEARCH_PATHS = (
					"$(inherited)",
					"@executable_path/Frameworks",
				);
				PRODUCT_BUNDLE_IDENTIFIER = com.laynejohnson.Parsley;
				PRODUCT_NAME = "$(TARGET_NAME)";
				SWIFT_VERSION = 5.0;
				TARGETED_DEVICE_FAMILY = "1,2";
			};
			name = Debug;
		};
		E873F87126DF9E4A00700F3F /* Release */ = {
			isa = XCBuildConfiguration;
			buildSettings = {
				ASSETCATALOG_COMPILER_APPICON_NAME = AppIcon;
				ASSETCATALOG_COMPILER_GLOBAL_ACCENT_COLOR_NAME = AccentColor;
				CODE_SIGN_STYLE = Automatic;
				DEVELOPMENT_TEAM = WZ97249UNV;
				INFOPLIST_FILE = Parsley/Info.plist;
				LD_RUNPATH_SEARCH_PATHS = (
					"$(inherited)",
					"@executable_path/Frameworks",
				);
				PRODUCT_BUNDLE_IDENTIFIER = com.laynejohnson.Parsley;
				PRODUCT_NAME = "$(TARGET_NAME)";
				SWIFT_VERSION = 5.0;
				TARGETED_DEVICE_FAMILY = "1,2";
			};
			name = Release;
		};
		E873F87326DF9E4A00700F3F /* Debug */ = {
			isa = XCBuildConfiguration;
			buildSettings = {
				ALWAYS_EMBED_SWIFT_STANDARD_LIBRARIES = YES;
				BUNDLE_LOADER = "$(TEST_HOST)";
				CODE_SIGN_STYLE = Automatic;
				DEVELOPMENT_TEAM = WZ97249UNV;
				INFOPLIST_FILE = ParsleyTests/Info.plist;
				IPHONEOS_DEPLOYMENT_TARGET = 14.5;
				LD_RUNPATH_SEARCH_PATHS = (
					"$(inherited)",
					"@executable_path/Frameworks",
					"@loader_path/Frameworks",
				);
				PRODUCT_BUNDLE_IDENTIFIER = com.laynejohnson.ParsleyTests;
				PRODUCT_NAME = "$(TARGET_NAME)";
				SWIFT_VERSION = 5.0;
				TARGETED_DEVICE_FAMILY = "1,2";
				TEST_HOST = "$(BUILT_PRODUCTS_DIR)/Parsley.app/Parsley";
			};
			name = Debug;
		};
		E873F87426DF9E4A00700F3F /* Release */ = {
			isa = XCBuildConfiguration;
			buildSettings = {
				ALWAYS_EMBED_SWIFT_STANDARD_LIBRARIES = YES;
				BUNDLE_LOADER = "$(TEST_HOST)";
				CODE_SIGN_STYLE = Automatic;
				DEVELOPMENT_TEAM = WZ97249UNV;
				INFOPLIST_FILE = ParsleyTests/Info.plist;
				IPHONEOS_DEPLOYMENT_TARGET = 14.5;
				LD_RUNPATH_SEARCH_PATHS = (
					"$(inherited)",
					"@executable_path/Frameworks",
					"@loader_path/Frameworks",
				);
				PRODUCT_BUNDLE_IDENTIFIER = com.laynejohnson.ParsleyTests;
				PRODUCT_NAME = "$(TARGET_NAME)";
				SWIFT_VERSION = 5.0;
				TARGETED_DEVICE_FAMILY = "1,2";
				TEST_HOST = "$(BUILT_PRODUCTS_DIR)/Parsley.app/Parsley";
			};
			name = Release;
		};
		E873F87626DF9E4A00700F3F /* Debug */ = {
			isa = XCBuildConfiguration;
			buildSettings = {
				ALWAYS_EMBED_SWIFT_STANDARD_LIBRARIES = YES;
				CODE_SIGN_STYLE = Automatic;
				DEVELOPMENT_TEAM = WZ97249UNV;
				INFOPLIST_FILE = ParsleyUITests/Info.plist;
				LD_RUNPATH_SEARCH_PATHS = (
					"$(inherited)",
					"@executable_path/Frameworks",
					"@loader_path/Frameworks",
				);
				PRODUCT_BUNDLE_IDENTIFIER = com.laynejohnson.ParsleyUITests;
				PRODUCT_NAME = "$(TARGET_NAME)";
				SWIFT_VERSION = 5.0;
				TARGETED_DEVICE_FAMILY = "1,2";
				TEST_TARGET_NAME = Parsley;
			};
			name = Debug;
		};
		E873F87726DF9E4A00700F3F /* Release */ = {
			isa = XCBuildConfiguration;
			buildSettings = {
				ALWAYS_EMBED_SWIFT_STANDARD_LIBRARIES = YES;
				CODE_SIGN_STYLE = Automatic;
				DEVELOPMENT_TEAM = WZ97249UNV;
				INFOPLIST_FILE = ParsleyUITests/Info.plist;
				LD_RUNPATH_SEARCH_PATHS = (
					"$(inherited)",
					"@executable_path/Frameworks",
					"@loader_path/Frameworks",
				);
				PRODUCT_BUNDLE_IDENTIFIER = com.laynejohnson.ParsleyUITests;
				PRODUCT_NAME = "$(TARGET_NAME)";
				SWIFT_VERSION = 5.0;
				TARGETED_DEVICE_FAMILY = "1,2";
				TEST_TARGET_NAME = Parsley;
			};
			name = Release;
		};
/* End XCBuildConfiguration section */

/* Begin XCConfigurationList section */
		E873F83D26DF9E4800700F3F /* Build configuration list for PBXProject "Parsley" */ = {
			isa = XCConfigurationList;
			buildConfigurations = (
				E873F86D26DF9E4A00700F3F /* Debug */,
				E873F86E26DF9E4A00700F3F /* Release */,
			);
			defaultConfigurationIsVisible = 0;
			defaultConfigurationName = Release;
		};
		E873F86F26DF9E4A00700F3F /* Build configuration list for PBXNativeTarget "Parsley" */ = {
			isa = XCConfigurationList;
			buildConfigurations = (
				E873F87026DF9E4A00700F3F /* Debug */,
				E873F87126DF9E4A00700F3F /* Release */,
			);
			defaultConfigurationIsVisible = 0;
			defaultConfigurationName = Release;
		};
		E873F87226DF9E4A00700F3F /* Build configuration list for PBXNativeTarget "ParsleyTests" */ = {
			isa = XCConfigurationList;
			buildConfigurations = (
				E873F87326DF9E4A00700F3F /* Debug */,
				E873F87426DF9E4A00700F3F /* Release */,
			);
			defaultConfigurationIsVisible = 0;
			defaultConfigurationName = Release;
		};
		E873F87526DF9E4A00700F3F /* Build configuration list for PBXNativeTarget "ParsleyUITests" */ = {
			isa = XCConfigurationList;
			buildConfigurations = (
				E873F87626DF9E4A00700F3F /* Debug */,
				E873F87726DF9E4A00700F3F /* Release */,
			);
			defaultConfigurationIsVisible = 0;
			defaultConfigurationName = Release;
		};
/* End XCConfigurationList section */

/* Begin XCVersionGroup section */
		E873F84E26DF9E4800700F3F /* Parsley.xcdatamodeld */ = {
			isa = XCVersionGroup;
			children = (
				E873F84F26DF9E4800700F3F /* Parsley.xcdatamodel */,
			);
			currentVersion = E873F84F26DF9E4800700F3F /* Parsley.xcdatamodel */;
			path = Parsley.xcdatamodeld;
			sourceTree = "<group>";
			versionGroupType = wrapper.xcdatamodel;
		};
/* End XCVersionGroup section */
	};
	rootObject = E873F83A26DF9E4800700F3F /* Project object */;
}
